
Microsoft Visual Studio Solution File, Format Version 12.00
# Visual Studio Version 16
VisualStudioVersion = 16.6.30114.105
MinimumVisualStudioVersion = 10.0.40219.1
Project("{2150E333-8FDC-42A3-9474-1A3956D46DE8}") = "Projects", "Projects", "{4814391F-0652-47DA-A4E3-AE51A890DC7E}"
EndProject
Project("{FAE04EC0-301F-11D3-BF4B-00C04F79EFBC}") = "TestShapeFile", "Projects\TestShapefile\TestShapeFile.csproj", "{560425EA-86D6-49F3-80D8-B23141861D42}"
EndProject
Project("{FAE04EC0-301F-11D3-BF4B-00C04F79EFBC}") = "GeocodingAdministrative", "Projects\GeocodingAdministrative\GeocodingAdministrative.csproj", "{209D2404-0FF2-4E30-9DA3-42A9BDE04671}"
EndProject
Project("{FAE04EC0-301F-11D3-BF4B-00C04F79EFBC}") = "TestWordCount", "Projects\TestWordCount\TestWordCount.csproj", "{1F8CDEA2-57BD-4CB8-8709-E002CA40A323}"
EndProject
Project("{FAE04EC0-301F-11D3-BF4B-00C04F79EFBC}") = "MakeTambonOsmPbf", "Projects\MakeTambonOsmPbf\MakeTambonOsmPbf.csproj", "{200011BF-D0B3-4222-865C-D1B2D8480FF7}"
EndProject
Project("{FAE04EC0-301F-11D3-BF4B-00C04F79EFBC}") = "MakeTambonOsmCsv", "Projects\MakeTambonOsmCsv\MakeTambonOsmCsv.csproj", "{AF96E645-C6F0-40AD-A70A-4BBB8225520F}"
EndProject
Global
	GlobalSection(SolutionProperties) = preSolution
		HideSolutionNode = FALSE
	EndGlobalSection
	GlobalSection(SolutionConfigurationPlatforms) = preSolution
		Debug|Any CPU = Debug|Any CPU
		Debug|x64 = Debug|x64
		Debug|x86 = Debug|x86
		Release|Any CPU = Release|Any CPU
		Release|x64 = Release|x64
		Release|x86 = Release|x86
	EndGlobalSection
	GlobalSection(ProjectConfigurationPlatforms) = postSolution
		{560425EA-86D6-49F3-80D8-B23141861D42}.Debug|Any CPU.ActiveCfg = Debug|Any CPU
		{560425EA-86D6-49F3-80D8-B23141861D42}.Debug|Any CPU.Build.0 = Debug|Any CPU
		{560425EA-86D6-49F3-80D8-B23141861D42}.Debug|x64.ActiveCfg = Debug|Any CPU
		{560425EA-86D6-49F3-80D8-B23141861D42}.Debug|x64.Build.0 = Debug|Any CPU
		{560425EA-86D6-49F3-80D8-B23141861D42}.Debug|x86.ActiveCfg = Debug|Any CPU
		{560425EA-86D6-49F3-80D8-B23141861D42}.Debug|x86.Build.0 = Debug|Any CPU
		{560425EA-86D6-49F3-80D8-B23141861D42}.Release|Any CPU.ActiveCfg = Release|Any CPU
		{560425EA-86D6-49F3-80D8-B23141861D42}.Release|Any CPU.Build.0 = Release|Any CPU
		{560425EA-86D6-49F3-80D8-B23141861D42}.Release|x64.ActiveCfg = Release|Any CPU
		{560425EA-86D6-49F3-80D8-B23141861D42}.Release|x64.Build.0 = Release|Any CPU
		{560425EA-86D6-49F3-80D8-B23141861D42}.Release|x86.ActiveCfg = Release|Any CPU
		{560425EA-86D6-49F3-80D8-B23141861D42}.Release|x86.Build.0 = Release|Any CPU
		{209D2404-0FF2-4E30-9DA3-42A9BDE04671}.Debug|Any CPU.ActiveCfg = Debug|Any CPU
		{209D2404-0FF2-4E30-9DA3-42A9BDE04671}.Debug|Any CPU.Build.0 = Debug|Any CPU
		{209D2404-0FF2-4E30-9DA3-42A9BDE04671}.Debug|x64.ActiveCfg = Debug|Any CPU
		{209D2404-0FF2-4E30-9DA3-42A9BDE04671}.Debug|x64.Build.0 = Debug|Any CPU
		{209D2404-0FF2-4E30-9DA3-42A9BDE04671}.Debug|x86.ActiveCfg = Debug|Any CPU
		{209D2404-0FF2-4E30-9DA3-42A9BDE04671}.Debug|x86.Build.0 = Debug|Any CPU
		{209D2404-0FF2-4E30-9DA3-42A9BDE04671}.Release|Any CPU.ActiveCfg = Release|Any CPU
		{209D2404-0FF2-4E30-9DA3-42A9BDE04671}.Release|Any CPU.Build.0 = Release|Any CPU
		{209D2404-0FF2-4E30-9DA3-42A9BDE04671}.Release|x64.ActiveCfg = Release|Any CPU
		{209D2404-0FF2-4E30-9DA3-42A9BDE04671}.Release|x64.Build.0 = Release|Any CPU
		{209D2404-0FF2-4E30-9DA3-42A9BDE04671}.Release|x86.ActiveCfg = Release|Any CPU
		{209D2404-0FF2-4E30-9DA3-42A9BDE04671}.Release|x86.Build.0 = Release|Any CPU
		{1F8CDEA2-57BD-4CB8-8709-E002CA40A323}.Debug|Any CPU.ActiveCfg = Debug|Any CPU
		{1F8CDEA2-57BD-4CB8-8709-E002CA40A323}.Debug|Any CPU.Build.0 = Debug|Any CPU
		{1F8CDEA2-57BD-4CB8-8709-E002CA40A323}.Debug|x64.ActiveCfg = Debug|Any CPU
		{1F8CDEA2-57BD-4CB8-8709-E002CA40A323}.Debug|x64.Build.0 = Debug|Any CPU
		{1F8CDEA2-57BD-4CB8-8709-E002CA40A323}.Debug|x86.ActiveCfg = Debug|Any CPU
		{1F8CDEA2-57BD-4CB8-8709-E002CA40A323}.Debug|x86.Build.0 = Debug|Any CPU
		{1F8CDEA2-57BD-4CB8-8709-E002CA40A323}.Release|Any CPU.ActiveCfg = Release|Any CPU
		{1F8CDEA2-57BD-4CB8-8709-E002CA40A323}.Release|Any CPU.Build.0 = Release|Any CPU
		{1F8CDEA2-57BD-4CB8-8709-E002CA40A323}.Release|x64.ActiveCfg = Release|Any CPU
		{1F8CDEA2-57BD-4CB8-8709-E002CA40A323}.Release|x64.Build.0 = Release|Any CPU
		{1F8CDEA2-57BD-4CB8-8709-E002CA40A323}.Release|x86.ActiveCfg = Release|Any CPU
		{1F8CDEA2-57BD-4CB8-8709-E002CA40A323}.Release|x86.Build.0 = Release|Any CPU
		{200011BF-D0B3-4222-865C-D1B2D8480FF7}.Debug|Any CPU.ActiveCfg = Debug|Any CPU
		{200011BF-D0B3-4222-865C-D1B2D8480FF7}.Debug|Any CPU.Build.0 = Debug|Any CPU
		{200011BF-D0B3-4222-865C-D1B2D8480FF7}.Debug|x64.ActiveCfg = Debug|Any CPU
		{200011BF-D0B3-4222-865C-D1B2D8480FF7}.Debug|x64.Build.0 = Debug|Any CPU
		{200011BF-D0B3-4222-865C-D1B2D8480FF7}.Debug|x86.ActiveCfg = Debug|Any CPU
		{200011BF-D0B3-4222-865C-D1B2D8480FF7}.Debug|x86.Build.0 = Debug|Any CPU
		{200011BF-D0B3-4222-865C-D1B2D8480FF7}.Release|Any CPU.ActiveCfg = Release|Any CPU
		{200011BF-D0B3-4222-865C-D1B2D8480FF7}.Release|Any CPU.Build.0 = Release|Any CPU
		{200011BF-D0B3-4222-865C-D1B2D8480FF7}.Release|x64.ActiveCfg = Release|Any CPU
		{200011BF-D0B3-4222-865C-D1B2D8480FF7}.Release|x64.Build.0 = Release|Any CPU
		{200011BF-D0B3-4222-865C-D1B2D8480FF7}.Release|x86.ActiveCfg = Release|Any CPU
		{200011BF-D0B3-4222-865C-D1B2D8480FF7}.Release|x86.Build.0 = Release|Any CPU
		{AF96E645-C6F0-40AD-A70A-4BBB8225520F}.Debug|Any CPU.ActiveCfg = Debug|Any CPU
		{AF96E645-C6F0-40AD-A70A-4BBB8225520F}.Debug|Any CPU.Build.0 = Debug|Any CPU
		{AF96E645-C6F0-40AD-A70A-4BBB8225520F}.Debug|x64.ActiveCfg = Debug|Any CPU
		{AF96E645-C6F0-40AD-A70A-4BBB8225520F}.Debug|x64.Build.0 = Debug|Any CPU
		{AF96E645-C6F0-40AD-A70A-4BBB8225520F}.Debug|x86.ActiveCfg = Debug|Any CPU
		{AF96E645-C6F0-40AD-A70A-4BBB8225520F}.Debug|x86.Build.0 = Debug|Any CPU
		{AF96E645-C6F0-40AD-A70A-4BBB8225520F}.Release|Any CPU.ActiveCfg = Release|Any CPU
		{AF96E645-C6F0-40AD-A70A-4BBB8225520F}.Release|Any CPU.Build.0 = Release|Any CPU
		{AF96E645-C6F0-40AD-A70A-4BBB8225520F}.Release|x64.ActiveCfg = Release|Any CPU
		{AF96E645-C6F0-40AD-A70A-4BBB8225520F}.Release|x64.Build.0 = Release|Any CPU
		{AF96E645-C6F0-40AD-A70A-4BBB8225520F}.Release|x86.ActiveCfg = Release|Any CPU
		{AF96E645-C6F0-40AD-A70A-4BBB8225520F}.Release|x86.Build.0 = Release|Any CPU
	EndGlobalSection
	GlobalSection(NestedProjects) = preSolution
		{560425EA-86D6-49F3-80D8-B23141861D42} = {4814391F-0652-47DA-A4E3-AE51A890DC7E}
		{209D2404-0FF2-4E30-9DA3-42A9BDE04671} = {4814391F-0652-47DA-A4E3-AE51A890DC7E}
		{1F8CDEA2-57BD-4CB8-8709-E002CA40A323} = {4814391F-0652-47DA-A4E3-AE51A890DC7E}
		{200011BF-D0B3-4222-865C-D1B2D8480FF7} = {4814391F-0652-47DA-A4E3-AE51A890DC7E}
		{AF96E645-C6F0-40AD-A70A-4BBB8225520F} = {4814391F-0652-47DA-A4E3-AE51A890DC7E}
	EndGlobalSection
EndGlobal
